
Microsoft Visual Studio Solution File, Format Version 12.00
# Visual Studio 15
VisualStudioVersion = 15.0.28307.572
MinimumVisualStudioVersion = 10.0.40219.1
Project("{FAE04EC0-301F-11D3-BF4B-00C04F79EFBC}") = "Trans_C_Sharp", "Trans_C_Sharp\Trans_C_Sharp.csproj", "{D8A6BB2D-5839-47B2-80B8-F027AD56DB31}"
EndProject
Project("{FAE04EC0-301F-11D3-BF4B-00C04F79EFBC}") = "UpdateFrm", "UpdateFrm\UpdateFrm.csproj", "{4FE17A8F-E6A7-451F-B344-BD4FA732AF96}"
EndProject
Global
	GlobalSection(SolutionConfigurationPlatforms) = preSolution
		Debug|Any CPU = Debug|Any CPU
		Release|Any CPU = Release|Any CPU
	EndGlobalSection
	GlobalSection(ProjectConfigurationPlatforms) = postSolution
		{D8A6BB2D-5839-47B2-80B8-F027AD56DB31}.Debug|Any CPU.ActiveCfg = Debug|Any CPU
		{D8A6BB2D-5839-47B2-80B8-F027AD56DB31}.Debug|Any CPU.Build.0 = Debug|Any CPU
		{D8A6BB2D-5839-47B2-80B8-F027AD56DB31}.Release|Any CPU.ActiveCfg = Release|Any CPU
		{D8A6BB2D-5839-47B2-80B8-F027AD56DB31}.Release|Any CPU.Build.0 = Release|Any CPU
		{4FE17A8F-E6A7-451F-B344-BD4FA732AF96}.Debug|Any CPU.ActiveCfg = Debug|Any CPU
		{4FE17A8F-E6A7-451F-B344-BD4FA732AF96}.Debug|Any CPU.Build.0 = Debug|Any CPU
		{4FE17A8F-E6A7-451F-B344-BD4FA732AF96}.Release|Any CPU.ActiveCfg = Release|Any CPU
		{4FE17A8F-E6A7-451F-B344-BD4FA732AF96}.Release|Any CPU.Build.0 = Release|Any CPU
	EndGlobalSection
	GlobalSection(SolutionProperties) = preSolution
		HideSolutionNode = FALSE
	EndGlobalSection
	GlobalSection(ExtensibilityGlobals) = postSolution
		SolutionGuid = {FC93657B-C2B3-4F48-830D-FF6F15261B13}
	EndGlobalSection
EndGlobal
